
Microsoft Visual Studio Solution File, Format Version 12.00
# Visual Studio Version 16
VisualStudioVersion = 16.0.29326.143
MinimumVisualStudioVersion = 10.0.40219.1
Project("{FAE04EC0-301F-11D3-BF4B-00C04F79EFBC}") = "exceção", "exceção\exceção.csproj", "{2239C352-D500-470D-8B53-2C1CB4BC374D}"
EndProject
Global
	GlobalSection(SolutionConfigurationPlatforms) = preSolution
		Debug|Any CPU = Debug|Any CPU
		Release|Any CPU = Release|Any CPU
	EndGlobalSection
	GlobalSection(ProjectConfigurationPlatforms) = postSolution
		{2239C352-D500-470D-8B53-2C1CB4BC374D}.Debug|Any CPU.ActiveCfg = Debug|Any CPU
		{2239C352-D500-470D-8B53-2C1CB4BC374D}.Debug|Any CPU.Build.0 = Debug|Any CPU
		{2239C352-D500-470D-8B53-2C1CB4BC374D}.Release|Any CPU.ActiveCfg = Release|Any CPU
		{2239C352-D500-470D-8B53-2C1CB4BC374D}.Release|Any CPU.Build.0 = Release|Any CPU
	EndGlobalSection
	GlobalSection(SolutionProperties) = preSolution
		HideSolutionNode = FALSE
	EndGlobalSection
	GlobalSection(ExtensibilityGlobals) = postSolution
		SolutionGuid = {69F10F87-1B91-4E67-8235-8BA4FD007DE0}
	EndGlobalSection
EndGlobal
